// !$*UTF8*$!
{
	archiveVersion = 1;
	classes = {
	};
	objectVersion = 46;
	objects = {

/* Begin PBXBuildFile section */
		59987DFD1C29AEA000944D1A /* AppDelegate.swift in Sources */ = {isa = PBXBuildFile; fileRef = 59987DFC1C29AEA000944D1A /* AppDelegate.swift */; };
		59987DFF1C29AEA000944D1A /* ViewController.swift in Sources */ = {isa = PBXBuildFile; fileRef = 59987DFE1C29AEA000944D1A /* ViewController.swift */; };
		59987E021C29AEA000944D1A /* Main.storyboard in Resources */ = {isa = PBXBuildFile; fileRef = 59987E001C29AEA000944D1A /* Main.storyboard */; };
		59987E041C29AEA000944D1A /* Assets.xcassets in Resources */ = {isa = PBXBuildFile; fileRef = 59987E031C29AEA000944D1A /* Assets.xcassets */; };
		59987E071C29AEA000944D1A /* LaunchScreen.storyboard in Resources */ = {isa = PBXBuildFile; fileRef = 59987E051C29AEA000944D1A /* LaunchScreen.storyboard */; };
/* End PBXBuildFile section */

/* Begin PBXFileReference section */
		59987DF91C29AEA000944D1A /* FirstOwnApp.app */ = {isa = PBXFileReference; explicitFileType = wrapper.application; includeInIndex = 0; path = FirstOwnApp.app; sourceTree = BUILT_PRODUCTS_DIR; };
		59987DFC1C29AEA000944D1A /* AppDelegate.swift */ = {isa = PBXFileReference; lastKnownFileType = sourcecode.swift; path = AppDelegate.swift; sourceTree = "<group>"; };
		59987DFE1C29AEA000944D1A /* ViewController.swift */ = {isa = PBXFileReference; lastKnownFileType = sourcecode.swift; path = ViewController.swift; sourceTree = "<group>"; };
		59987E011C29AEA000944D1A /* Base */ = {isa = PBXFileReference; lastKnownFileType = file.storyboard; name = Base; path = Base.lproj/Main.storyboard; sourceTree = "<group>"; };
		59987E031C29AEA000944D1A /* Assets.xcassets */ = {isa = PBXFileReference; lastKnownFileType = folder.assetcatalog; path = Assets.xcassets; sourceTree = "<group>"; };
		59987E061C29AEA000944D1A /* Base */ = {isa = PBXFileReference; lastKnownFileType = file.storyboard; name = Base; path = Base.lproj/LaunchScreen.storyboard; sourceTree = "<group>"; };
		59987E081C29AEA000944D1A /* Info.plist */ = {isa = PBXFileReference; lastKnownFileType = text.plist.xml; path = Info.plist; sourceTree = "<group>"; };
/* End PBXFileReference section */

/* Begin PBXFrameworksBuildPhase section */
		59987DF61C29AEA000944D1A /* Frameworks */ = {
			isa = PBXFrameworksBuildPhase;
			buildActionMask = 2147483647;
			files = (
			);
			runOnlyForDeploymentPostprocessing = 0;
		};
/* End PBXFrameworksBuildPhase section */

/* Begin PBXGroup section */
		59987DF01C29AEA000944D1A = {
			isa = PBXGroup;
			children = (
				59987DFB1C29AEA000944D1A /* FirstOwnApp */,
				59987DFA1C29AEA000944D1A /* Products */,
			);
			sourceTree = "<group>";
		};
		59987DFA1C29AEA000944D1A /* Products */ = {
			isa = PBXGroup;
			children = (
				59987DF91C29AEA000944D1A /* FirstOwnApp.app */,
			);
			name = Products;
			sourceTree = "<group>";
		};
		59987DFB1C29AEA000944D1A /* FirstOwnApp */ = {
			isa = PBXGroup;
			children = (
				59987DFC1C29AEA000944D1A /* AppDelegate.swift */,
				59987DFE1C29AEA000944D1A /* ViewController.swift */,
				59987E001C29AEA000944D1A /* Main.storyboard */,
				59987E031C29AEA000944D1A /* Assets.xcassets */,
				59987E051C29AEA000944D1A /* LaunchScreen.storyboard */,
				59987E081C29AEA000944D1A /* Info.plist */,
			);
			path = FirstOwnApp;
			sourceTree = "<group>";
		};
/* End PBXGroup section */

/* Begin PBXNativeTarget section */
		59987DF81C29AEA000944D1A /* FirstOwnApp */ = {
			isa = PBXNativeTarget;
			buildConfigurationList = 59987E0B1C29AEA000944D1A /* Build configuration list for PBXNativeTarget "FirstOwnApp" */;
			buildPhases = (
				59987DF51C29AEA000944D1A /* Sources */,
				59987DF61C29AEA000944D1A /* Frameworks */,
				59987DF71C29AEA000944D1A /* Resources */,
			);
			buildRules = (
			);
			dependencies = (
			);
			name = FirstOwnApp;
			productName = FirstOwnApp;
			productReference = 59987DF91C29AEA000944D1A /* FirstOwnApp.app */;
			productType = "com.apple.product-type.application";
		};
/* End PBXNativeTarget section */

/* Begin PBXProject section */
		59987DF11C29AEA000944D1A /* Project object */ = {
			isa = PBXProject;
			attributes = {
				LastSwiftUpdateCheck = 0720;
				LastUpgradeCheck = 0720;
				ORGANIZATIONNAME = "Carl Henningsson";
				TargetAttributes = {
					59987DF81C29AEA000944D1A = {
						CreatedOnToolsVersion = 7.2;
					};
				};
			};
			buildConfigurationList = 59987DF41C29AEA000944D1A /* Build configuration list for PBXProject "FirstOwnApp" */;
			compatibilityVersion = "Xcode 3.2";
			developmentRegion = English;
			hasScannedForEncodings = 0;
			knownRegions = (
				en,
				Base,
			);
			mainGroup = 59987DF01C29AEA000944D1A;
			productRefGroup = 59987DFA1C29AEA000944D1A /* Products */;
			projectDirPath = "";
			projectRoot = "";
			targets = (
				59987DF81C29AEA000944D1A /* FirstOwnApp */,
			);
		};
/* End PBXProject section */

/* Begin PBXResourcesBuildPhase section */
		59987DF71C29AEA000944D1A /* Resources */ = {
			isa = PBXResourcesBuildPhase;
			buildActionMask = 2147483647;
			files = (
				59987E071C29AEA000944D1A /* LaunchScreen.storyboard in Resources */,
				59987E041C29AEA000944D1A /* Assets.xcassets in Resources */,
				59987E021C29AEA000944D1A /* Main.storyboard in Resources */,
			);
			runOnlyForDeploymentPostprocessing = 0;
		};
/* End PBXResourcesBuildPhase section */

/* Begin PBXSourcesBuildPhase section */
		59987DF51C29AEA000944D1A /* Sources */ = {
			isa = PBXSourcesBuildPhase;
			buildActionMask = 2147483647;
			files = (
				59987DFF1C29AEA000944D1A /* ViewController.swift in Sources */,
				59987DFD1C29AEA000944D1A /* AppDelegate.swift in Sources */,
			);
			runOnlyForDeploymentPostprocessing = 0;
		};
/* End PBXSourcesBuildPhase section */

/* Begin PBXVariantGroup section */
		59987E001C29AEA000944D1A /* Main.storyboard */ = {
			isa = PBXVariantGroup;
			children = (
				59987E011C29AEA000944D1A /* Base */,
			);
			name = Main.storyboard;
			sourceTree = "<group>";
		};
		59987E051C29AEA000944D1A /* LaunchScreen.storyboard */ = {
			isa = PBXVariantGroup;
			children = (
				59987E061C29AEA000944D1A /* Base */,
			);
			name = LaunchScreen.storyboard;
			sourceTree = "<group>";
		};
/* End PBXVariantGroup section */

/* Begin XCBuildConfiguration section */
		59987E091C29AEA000944D1A /* Debug */ = {
			isa = XCBuildConfiguration;
			buildSettings = {
				ALWAYS_SEARCH_USER_PATHS = NO;
				CLANG_CXX_LANGUAGE_STANDARD = "gnu++0x";
				CLANG_CXX_LIBRARY = "libc++";
				CLANG_ENABLE_MODULES = YES;
				CLANG_ENABLE_OBJC_ARC = YES;
				CLANG_WARN_BOOL_CONVERSION = YES;
				CLANG_WARN_CONSTANT_CONVERSION = YES;
				CLANG_WARN_DIRECT_OBJC_ISA_USAGE = YES_ERROR;
				CLANG_WARN_EMPTY_BODY = YES;
				CLANG_WARN_ENUM_CONVERSION = YES;
				CLANG_WARN_INT_CONVERSION = YES;
				CLANG_WARN_OBJC_ROOT_CLASS = YES_ERROR;
				CLANG_WARN_UNREACHABLE_CODE = YES;
				CLANG_WARN__DUPLICATE_METHOD_MATCH = YES;
				"CODE_SIGN_IDENTITY[sdk=iphoneos*]" = "iPhone Developer";
				COPY_PHASE_STRIP = NO;
				DEBUG_INFORMATION_FORMAT = dwarf;
				ENABLE_STRICT_OBJC_MSGSEND = YES;
				ENABLE_TESTABILITY = YES;
				GCC_C_LANGUAGE_STANDARD = gnu99;
				GCC_DYNAMIC_NO_PIC = NO;
				GCC_NO_COMMON_BLOCKS = YES;
				GCC_OPTIMIZATION_LEVEL = 0;
				GCC_PREPROCESSOR_DEFINITIONS = (
					"DEBUG=1",
					"$(inherited)",
				);
				GCC_WARN_64_TO_32_BIT_CONVERSION = YES;
				GCC_WARN_ABOUT_RETURN_TYPE = YES_ERROR;
				GCC_WARN_UNDECLARED_SELECTOR = YES;
				GCC_WARN_UNINITIALIZED_AUTOS = YES_AGGRESSIVE;
				GCC_WARN_UNUSED_FUNCTION = YES;
				GCC_WARN_UNUSED_VARIABLE = YES;
				IPHONEOS_DEPLOYMENT_TARGET = 9.2;
				MTL_ENABLE_DEBUG_INFO = YES;
				ONLY_ACTIVE_ARCH = YES;
				SDKROOT = iphoneos;
				SWIFT_OPTIMIZATION_LEVEL = "-Onone";
			};
			name = Debug;
		};
		59987E0A1C29AEA000944D1A /* Release */ = {
			isa = XCBuildConfiguration;
			buildSettings = {
				ALWAYS_SEARCH_USER_PATHS = NO;
				CLANG_CXX_LANGUAGE_STANDARD = "gnu++0x";
				CLANG_CXX_LIBRARY = "libc++";
				CLANG_ENABLE_MODULES = YES;
				CLANG_ENABLE_OBJC_ARC = YES;
				CLANG_WARN_BOOL_CONVERSION = YES;
				CLANG_WARN_CONSTANT_CONVERSION = YES;
				CLANG_WARN_DIRECT_OBJC_ISA_USAGE = YES_ERROR;
				CLANG_WARN_EMPTY_BODY = YES;
				CLANG_WARN_ENUM_CONVERSION = YES;
				CLANG_WARN_INT_CONVERSION = YES;
				CLANG_WARN_OBJC_ROOT_CLASS = YES_ERROR;
				CLANG_WARN_UNREACHABLE_CODE = YES;
				CLANG_WARN__DUPLICATE_METHOD_MATCH = YES;
				"CODE_SIGN_IDENTITY[sdk=iphoneos*]" = "iPhone Developer";
				COPY_PHASE_STRIP = NO;
				DEBUG_INFORMATION_FORMAT = "dwarf-with-dsym";
				ENABLE_NS_ASSERTIONS = NO;
				ENABLE_STRICT_OBJC_MSGSEND = YES;
				GCC_C_LANGUAGE_STANDARD = gnu99;
				GCC_NO_COMMON_BLOCKS = YES;
				GCC_WARN_64_TO_32_BIT_CONVERSION = YES;
				GCC_WARN_ABOUT_RETURN_TYPE = YES_ERROR;
				GCC_WARN_UNDECLARED_SELECTOR = YES;
				GCC_WARN_UNINITIALIZED_AUTOS = YES_AGGRESSIVE;
				GCC_WARN_UNUSED_FUNCTION = YES;
				GCC_WARN_UNUSED_VARIABLE = YES;
				IPHONEOS_DEPLOYMENT_TARGET = 9.2;
				MTL_ENABLE_DEBUG_INFO = NO;
				SDKROOT = iphoneos;
				VALIDATE_PRODUCT = YES;
			};
			name = Release;
		};
		59987E0C1C29AEA000944D1A /* Debug */ = {
			isa = XCBuildConfiguration;
			buildSettings = {
				ASSETCATALOG_COMPILER_APPICON_NAME = AppIcon;
				INFOPLIST_FILE = FirstOwnApp/Info.plist;
				LD_RUNPATH_SEARCH_PATHS = "$(inherited) @executable_path/Frameworks";
				PRODUCT_BUNDLE_IDENTIFIER = ka.FirstOwnApp;
				PRODUCT_NAME = "$(TARGET_NAME)";
			};
			name = Debug;
		};
		59987E0D1C29AEA000944D1A /* Release */ = {
			isa = XCBuildConfiguration;
			buildSettings = {
				ASSETCATALOG_COMPILER_APPICON_NAME = AppIcon;
				INFOPLIST_FILE = FirstOwnApp/Info.plist;
				LD_RUNPATH_SEARCH_PATHS = "$(inherited) @executable_path/Frameworks";
				PRODUCT_BUNDLE_IDENTIFIER = ka.FirstOwnApp;
				PRODUCT_NAME = "$(TARGET_NAME)";
			};
			name = Release;
		};
/* End XCBuildConfiguration section */

/* Begin XCConfigurationList section */
		59987DF41C29AEA000944D1A /* Build configuration list for PBXProject "FirstOwnApp" */ = {
			isa = XCConfigurationList;
			buildConfigurations = (
				59987E091C29AEA000944D1A /* Debug */,
				59987E0A1C29AEA000944D1A /* Release */,
			);
			defaultConfigurationIsVisible = 0;
			defaultConfigurationName = Release;
		};
		59987E0B1C29AEA000944D1A /* Build configuration list for PBXNativeTarget "FirstOwnApp" */ = {
			isa = XCConfigurationList;
			buildConfigurations = (
				59987E0C1C29AEA000944D1A /* Debug */,
				59987E0D1C29AEA000944D1A /* Release */,
			);
			defaultConfigurationIsVisible = 0;
		};
/* End XCConfigurationList section */
	};
	rootObject = 59987DF11C29AEA000944D1A /* Project object */;
}
